Microsoft Visual Studio Solution File, Format Version 12.00
# Visual Studio Version 17
VisualStudioVersion = 17.5.2.0
MinimumVisualStudioVersion = 10.0.40219.1
Project("{FAE04EC0-301F-11D3-BF4B-00C04F79EFBC}") = "BVTamDuc", "BVTamDuc.csproj", "{C120CE21-7DF2-7AD9-7D32-AD0F54CC261A}"
EndProject
Global
	GlobalSection(SolutionConfigurationPlatforms) = preSolution
		Debug|Any CPU = Debug|Any CPU
		Release|Any CPU = Release|Any CPU
	EndGlobalSection
	GlobalSection(ProjectConfigurationPlatforms) = postSolution
		{C120CE21-7DF2-7AD9-7D32-AD0F54CC261A}.Debug|Any CPU.ActiveCfg = Debug|Any CPU
		{C120CE21-7DF2-7AD9-7D32-AD0F54CC261A}.Debug|Any CPU.Build.0 = Debug|Any CPU
		{C120CE21-7DF2-7AD9-7D32-AD0F54CC261A}.Release|Any CPU.ActiveCfg = Release|Any CPU
		{C120CE21-7DF2-7AD9-7D32-AD0F54CC261A}.Release|Any CPU.Build.0 = Release|Any CPU
	EndGlobalSection
	GlobalSection(SolutionProperties) = preSolution
		HideSolutionNode = FALSE
	EndGlobalSection
	GlobalSection(ExtensibilityGlobals) = postSolution
		SolutionGuid = {AD13F226-5C73-4D74-8654-C468156CB18B}
	EndGlobalSection
EndGlobal
